
Microsoft Visual Studio Solution File, Format Version 12.00
# Visual Studio Version 16
VisualStudioVersion = 16.0.31729.503
MinimumVisualStudioVersion = 10.0.40219.1
Project("{9A19103F-16F7-4668-BE54-9A1E7A4F7556}") = "PowerfulSpace.Facts.Web", "PowerfulSpace.Facts.Web\PowerfulSpace.Facts.Web.csproj", "{7927624E-9F8A-4DE8-8055-D58467F7BFF0}"
EndProject
Project("{FAE04EC0-301F-11D3-BF4B-00C04F79EFBC}") = "PowerfulSpace.Facts.Web.Tests", "PowerfulSpace.Facts.Web.Tests\PowerfulSpace.Facts.Web.Tests.csproj", "{8FEFDD12-6B72-4987-8781-30D541B6541F}"
EndProject
Global
	GlobalSection(SolutionConfigurationPlatforms) = preSolution
		Debug|Any CPU = Debug|Any CPU
		Release|Any CPU = Release|Any CPU
	EndGlobalSection
	GlobalSection(ProjectConfigurationPlatforms) = postSolution
		{7927624E-9F8A-4DE8-8055-D58467F7BFF0}.Debug|Any CPU.ActiveCfg = Debug|Any CPU
		{7927624E-9F8A-4DE8-8055-D58467F7BFF0}.Debug|Any CPU.Build.0 = Debug|Any CPU
		{7927624E-9F8A-4DE8-8055-D58467F7BFF0}.Release|Any CPU.ActiveCfg = Release|Any CPU
		{7927624E-9F8A-4DE8-8055-D58467F7BFF0}.Release|Any CPU.Build.0 = Release|Any CPU
		{8FEFDD12-6B72-4987-8781-30D541B6541F}.Debug|Any CPU.ActiveCfg = Debug|Any CPU
		{8FEFDD12-6B72-4987-8781-30D541B6541F}.Debug|Any CPU.Build.0 = Debug|Any CPU
		{8FEFDD12-6B72-4987-8781-30D541B6541F}.Release|Any CPU.ActiveCfg = Release|Any CPU
		{8FEFDD12-6B72-4987-8781-30D541B6541F}.Release|Any CPU.Build.0 = Release|Any CPU
	EndGlobalSection
	GlobalSection(SolutionProperties) = preSolution
		HideSolutionNode = FALSE
	EndGlobalSection
	GlobalSection(ExtensibilityGlobals) = postSolution
		SolutionGuid = {B59EAF94-9A13-4FCE-949B-180EE8A46187}
	EndGlobalSection
EndGlobal
